
Microsoft Visual Studio Solution File, Format Version 12.00
# Visual Studio Version 17
VisualStudioVersion = 17.5.33530.505
MinimumVisualStudioVersion = 10.0.40219.1
Project("{FAE04EC0-301F-11D3-BF4B-00C04F79EFBC}") = "GUI", "GUI\GUI.csproj", "{D2D7003B-8EF6-4EAA-B1A9-4B68BFD3E73D}"
EndProject
Project("{FAE04EC0-301F-11D3-BF4B-00C04F79EFBC}") = "BLL", "BLL\BLL.csproj", "{57E05D67-52FA-4AD1-8178-447B3DA762BA}"
EndProject
Project("{FAE04EC0-301F-11D3-BF4B-00C04F79EFBC}") = "DAL", "DAL\DAL.csproj", "{1EC42013-BDD8-4B9D-B988-1A6A2D5C2685}"
EndProject
Project("{FAE04EC0-301F-11D3-BF4B-00C04F79EFBC}") = "DTO", "DTO\DTO.csproj", "{9FD57A0B-653C-4432-9482-FDAC1601D875}"
EndProject
Global
	GlobalSection(SolutionConfigurationPlatforms) = preSolution
		Debug|Any CPU = Debug|Any CPU
		Release|Any CPU = Release|Any CPU
	EndGlobalSection
	GlobalSection(ProjectConfigurationPlatforms) = postSolution
		{D2D7003B-8EF6-4EAA-B1A9-4B68BFD3E73D}.Debug|Any CPU.ActiveCfg = Debug|Any CPU
		{D2D7003B-8EF6-4EAA-B1A9-4B68BFD3E73D}.Debug|Any CPU.Build.0 = Debug|Any CPU
		{D2D7003B-8EF6-4EAA-B1A9-4B68BFD3E73D}.Release|Any CPU.ActiveCfg = Release|Any CPU
		{D2D7003B-8EF6-4EAA-B1A9-4B68BFD3E73D}.Release|Any CPU.Build.0 = Release|Any CPU
		{57E05D67-52FA-4AD1-8178-447B3DA762BA}.Debug|Any CPU.ActiveCfg = Debug|Any CPU
		{57E05D67-52FA-4AD1-8178-447B3DA762BA}.Debug|Any CPU.Build.0 = Debug|Any CPU
		{57E05D67-52FA-4AD1-8178-447B3DA762BA}.Release|Any CPU.ActiveCfg = Release|Any CPU
		{57E05D67-52FA-4AD1-8178-447B3DA762BA}.Release|Any CPU.Build.0 = Release|Any CPU
		{1EC42013-BDD8-4B9D-B988-1A6A2D5C2685}.Debug|Any CPU.ActiveCfg = Debug|Any CPU
		{1EC42013-BDD8-4B9D-B988-1A6A2D5C2685}.Debug|Any CPU.Build.0 = Debug|Any CPU
		{1EC42013-BDD8-4B9D-B988-1A6A2D5C2685}.Release|Any CPU.ActiveCfg = Release|Any CPU
		{1EC42013-BDD8-4B9D-B988-1A6A2D5C2685}.Release|Any CPU.Build.0 = Release|Any CPU
		{9FD57A0B-653C-4432-9482-FDAC1601D875}.Debug|Any CPU.ActiveCfg = Debug|Any CPU
		{9FD57A0B-653C-4432-9482-FDAC1601D875}.Debug|Any CPU.Build.0 = Debug|Any CPU
		{9FD57A0B-653C-4432-9482-FDAC1601D875}.Release|Any CPU.ActiveCfg = Release|Any CPU
		{9FD57A0B-653C-4432-9482-FDAC1601D875}.Release|Any CPU.Build.0 = Release|Any CPU
	EndGlobalSection
	GlobalSection(SolutionProperties) = preSolution
		HideSolutionNode = FALSE
	EndGlobalSection
	GlobalSection(ExtensibilityGlobals) = postSolution
		SolutionGuid = {8BAEBCFC-AE3B-415F-9E5C-6C4779A491EF}
	EndGlobalSection
EndGlobal
